
Microsoft Visual Studio Solution File, Format Version 12.00
# Visual Studio Version 17
VisualStudioVersion = 17.9.34616.47
MinimumVisualStudioVersion = 10.0.40219.1
Project("{FAE04EC0-301F-11D3-BF4B-00C04F79EFBC}") = "MazeGenerator", "MazeGenerator.csproj", "{1C21FF35-FC2D-4581-A91D-7B9EF010DBBD}"
EndProject
Global
	GlobalSection(SolutionConfigurationPlatforms) = preSolution
		Debug|Any CPU = Debug|Any CPU
		Release|Any CPU = Release|Any CPU
	EndGlobalSection
	GlobalSection(ProjectConfigurationPlatforms) = postSolution
		{1C21FF35-FC2D-4581-A91D-7B9EF010DBBD}.Debug|Any CPU.ActiveCfg = Debug|Any CPU
		{1C21FF35-FC2D-4581-A91D-7B9EF010DBBD}.Debug|Any CPU.Build.0 = Debug|Any CPU
		{1C21FF35-FC2D-4581-A91D-7B9EF010DBBD}.Release|Any CPU.ActiveCfg = Release|Any CPU
		{1C21FF35-FC2D-4581-A91D-7B9EF010DBBD}.Release|Any CPU.Build.0 = Release|Any CPU
	EndGlobalSection
	GlobalSection(SolutionProperties) = preSolution
		HideSolutionNode = FALSE
	EndGlobalSection
	GlobalSection(ExtensibilityGlobals) = postSolution
		SolutionGuid = {926ECD42-0F2B-49AD-8BAC-D8392BC7CAF3}
	EndGlobalSection
EndGlobal
